
Microsoft Visual Studio Solution File, Format Version 12.00
# Visual Studio Version 16
VisualStudioVersion = 16.0.31205.134
MinimumVisualStudioVersion = 10.0.40219.1
Project("{FAE04EC0-301F-11D3-BF4B-00C04F79EFBC}") = "SpaceMachineMovementApp", "SpaceMachineMovementApp\SpaceMachineMovementApp.csproj", "{3C4627FE-DA3D-4388-880A-9ED934D9F89E}"
EndProject
Global
	GlobalSection(SolutionConfigurationPlatforms) = preSolution
		Debug|Any CPU = Debug|Any CPU
		Release|Any CPU = Release|Any CPU
	EndGlobalSection
	GlobalSection(ProjectConfigurationPlatforms) = postSolution
		{3C4627FE-DA3D-4388-880A-9ED934D9F89E}.Debug|Any CPU.ActiveCfg = Debug|Any CPU
		{3C4627FE-DA3D-4388-880A-9ED934D9F89E}.Debug|Any CPU.Build.0 = Debug|Any CPU
		{3C4627FE-DA3D-4388-880A-9ED934D9F89E}.Release|Any CPU.ActiveCfg = Release|Any CPU
		{3C4627FE-DA3D-4388-880A-9ED934D9F89E}.Release|Any CPU.Build.0 = Release|Any CPU
	EndGlobalSection
	GlobalSection(SolutionProperties) = preSolution
		HideSolutionNode = FALSE
	EndGlobalSection
	GlobalSection(ExtensibilityGlobals) = postSolution
		SolutionGuid = {FD327C75-D06F-4993-9607-B00B08621F5A}
	EndGlobalSection
EndGlobal
